
Microsoft Visual Studio Solution File, Format Version 12.00
# Visual Studio 2013
VisualStudioVersion = 12.0.31101.0
MinimumVisualStudioVersion = 10.0.40219.1
Project("{2150E333-8FDC-42A3-9474-1A3956D46DE8}") = "Solution Items", "Solution Items", "{39DA0AEB-0B78-4931-8835-4FDE89CED4CD}"
	ProjectSection(SolutionItems) = preProject
		.gitattributes = .gitattributes
		.gitignore = .gitignore
		readme.md = readme.md
	EndProjectSection
EndProject
Project("{2150E333-8FDC-42A3-9474-1A3956D46DE8}") = ".nuget", ".nuget", "{7F2DA6B6-E990-4AA5-9188-1F0DA343A531}"
	ProjectSection(SolutionItems) = preProject
		.nuget\NuGet.Config = .nuget\NuGet.Config
		.nuget\NuGet.exe = .nuget\NuGet.exe
		.nuget\NuGet.targets = .nuget\NuGet.targets
	EndProjectSection
EndProject
Project("{FAE04EC0-301F-11D3-BF4B-00C04F79EFBC}") = "Tapas.SampleWeb", "Tapas.SampleWeb\Tapas.SampleWeb.csproj", "{B6C81DDF-89B2-4B26-9268-B2EF3597102B}"
EndProject
Project("{FAE04EC0-301F-11D3-BF4B-00C04F79EFBC}") = "Tapas.ContentHost", "Tapas.ContentHost\Tapas.ContentHost.csproj", "{3B86E052-D50C-461D-9576-D516F12A2CD9}"
EndProject
Project("{FAE04EC0-301F-11D3-BF4B-00C04F79EFBC}") = "Tapas.ContentHost.Tests", "Tapas.ContentHost.Tests\Tapas.ContentHost.Tests.csproj", "{23867485-2D69-4AC9-A4E2-0CDA6E781A85}"
EndProject
Project("{FAE04EC0-301F-11D3-BF4B-00C04F79EFBC}") = "Tapas.JsClient", "Tapas.JsClient\Tapas.JsClient.csproj", "{77186FD8-6D34-4114-9E9F-8FF6B88FD1D6}"
EndProject
Project("{FAE04EC0-301F-11D3-BF4B-00C04F79EFBC}") = "Tapas.Models", "Tapas.Models\Tapas.Models.csproj", "{BC32738F-1CDE-4E9C-BFB5-651743B3628B}"
EndProject
Project("{FAE04EC0-301F-11D3-BF4B-00C04F79EFBC}") = "Tapas.MvcClient", "Tapas.MvcClient\Tapas.MvcClient.csproj", "{96360806-3390-4F70-BE22-F4EEF995E718}"
EndProject
Project("{FAE04EC0-301F-11D3-BF4B-00C04F79EFBC}") = "Tapas.ExamineClient", "Tapas.ExamineClient\Tapas.ExamineClient.csproj", "{49B2830E-A960-4834-94FE-062B4EC02BBA}"
EndProject
Project("{FAE04EC0-301F-11D3-BF4B-00C04F79EFBC}") = "Tapas.ContentService", "Tapas.ContentService\Tapas.ContentService.csproj", "{E2B5C261-F001-4BA1-B20B-762C9D26596E}"
EndProject
Project("{FAE04EC0-301F-11D3-BF4B-00C04F79EFBC}") = "Tapas.OrigoDbClient", "Tapas.OrigoDbClient\Tapas.OrigoDbClient.csproj", "{B56A14D1-AD45-41F6-8B12-8F0B81F01786}"
EndProject
Project("{FAE04EC0-301F-11D3-BF4B-00C04F79EFBC}") = "Tapas.OrigoDbClient.Tests", "Tapas.OrigoDbClient.Tests\Tapas.OrigoDbClient.Tests.csproj", "{3C37D55D-56FC-4817-B330-98539D754878}"
EndProject
Project("{FAE04EC0-301F-11D3-BF4B-00C04F79EFBC}") = "Tapas.LuceneClient", "Tapas.LuceneClient\Tapas.LuceneClient.csproj", "{96796E7C-A8AC-483B-90F6-8358B9A7997E}"
EndProject
Global
	GlobalSection(SolutionConfigurationPlatforms) = preSolution
		Debug|Any CPU = Debug|Any CPU
		Release|Any CPU = Release|Any CPU
	EndGlobalSection
	GlobalSection(ProjectConfigurationPlatforms) = postSolution
		{B6C81DDF-89B2-4B26-9268-B2EF3597102B}.Debug|Any CPU.ActiveCfg = Debug|Any CPU
		{B6C81DDF-89B2-4B26-9268-B2EF3597102B}.Debug|Any CPU.Build.0 = Debug|Any CPU
		{B6C81DDF-89B2-4B26-9268-B2EF3597102B}.Release|Any CPU.ActiveCfg = Release|Any CPU
		{B6C81DDF-89B2-4B26-9268-B2EF3597102B}.Release|Any CPU.Build.0 = Release|Any CPU
		{3B86E052-D50C-461D-9576-D516F12A2CD9}.Debug|Any CPU.ActiveCfg = Debug|Any CPU
		{3B86E052-D50C-461D-9576-D516F12A2CD9}.Debug|Any CPU.Build.0 = Debug|Any CPU
		{3B86E052-D50C-461D-9576-D516F12A2CD9}.Release|Any CPU.ActiveCfg = Release|Any CPU
		{3B86E052-D50C-461D-9576-D516F12A2CD9}.Release|Any CPU.Build.0 = Release|Any CPU
		{23867485-2D69-4AC9-A4E2-0CDA6E781A85}.Debug|Any CPU.ActiveCfg = Debug|Any CPU
		{23867485-2D69-4AC9-A4E2-0CDA6E781A85}.Debug|Any CPU.Build.0 = Debug|Any CPU
		{23867485-2D69-4AC9-A4E2-0CDA6E781A85}.Release|Any CPU.ActiveCfg = Release|Any CPU
		{23867485-2D69-4AC9-A4E2-0CDA6E781A85}.Release|Any CPU.Build.0 = Release|Any CPU
		{77186FD8-6D34-4114-9E9F-8FF6B88FD1D6}.Debug|Any CPU.ActiveCfg = Debug|Any CPU
		{77186FD8-6D34-4114-9E9F-8FF6B88FD1D6}.Debug|Any CPU.Build.0 = Debug|Any CPU
		{77186FD8-6D34-4114-9E9F-8FF6B88FD1D6}.Release|Any CPU.ActiveCfg = Release|Any CPU
		{77186FD8-6D34-4114-9E9F-8FF6B88FD1D6}.Release|Any CPU.Build.0 = Release|Any CPU
		{BC32738F-1CDE-4E9C-BFB5-651743B3628B}.Debug|Any CPU.ActiveCfg = Debug|Any CPU
		{BC32738F-1CDE-4E9C-BFB5-651743B3628B}.Debug|Any CPU.Build.0 = Debug|Any CPU
		{BC32738F-1CDE-4E9C-BFB5-651743B3628B}.Release|Any CPU.ActiveCfg = Release|Any CPU
		{BC32738F-1CDE-4E9C-BFB5-651743B3628B}.Release|Any CPU.Build.0 = Release|Any CPU
		{96360806-3390-4F70-BE22-F4EEF995E718}.Debug|Any CPU.ActiveCfg = Debug|Any CPU
		{96360806-3390-4F70-BE22-F4EEF995E718}.Debug|Any CPU.Build.0 = Debug|Any CPU
		{96360806-3390-4F70-BE22-F4EEF995E718}.Release|Any CPU.ActiveCfg = Release|Any CPU
		{96360806-3390-4F70-BE22-F4EEF995E718}.Release|Any CPU.Build.0 = Release|Any CPU
		{49B2830E-A960-4834-94FE-062B4EC02BBA}.Debug|Any CPU.ActiveCfg = Debug|Any CPU
		{49B2830E-A960-4834-94FE-062B4EC02BBA}.Debug|Any CPU.Build.0 = Debug|Any CPU
		{49B2830E-A960-4834-94FE-062B4EC02BBA}.Release|Any CPU.ActiveCfg = Release|Any CPU
		{49B2830E-A960-4834-94FE-062B4EC02BBA}.Release|Any CPU.Build.0 = Release|Any CPU
		{E2B5C261-F001-4BA1-B20B-762C9D26596E}.Debug|Any CPU.ActiveCfg = Debug|Any CPU
		{E2B5C261-F001-4BA1-B20B-762C9D26596E}.Debug|Any CPU.Build.0 = Debug|Any CPU
		{E2B5C261-F001-4BA1-B20B-762C9D26596E}.Release|Any CPU.ActiveCfg = Release|Any CPU
		{E2B5C261-F001-4BA1-B20B-762C9D26596E}.Release|Any CPU.Build.0 = Release|Any CPU
		{B56A14D1-AD45-41F6-8B12-8F0B81F01786}.Debug|Any CPU.ActiveCfg = Debug|Any CPU
		{B56A14D1-AD45-41F6-8B12-8F0B81F01786}.Debug|Any CPU.Build.0 = Debug|Any CPU
		{B56A14D1-AD45-41F6-8B12-8F0B81F01786}.Release|Any CPU.ActiveCfg = Release|Any CPU
		{B56A14D1-AD45-41F6-8B12-8F0B81F01786}.Release|Any CPU.Build.0 = Release|Any CPU
		{3C37D55D-56FC-4817-B330-98539D754878}.Debug|Any CPU.ActiveCfg = Debug|Any CPU
		{3C37D55D-56FC-4817-B330-98539D754878}.Debug|Any CPU.Build.0 = Debug|Any CPU
		{3C37D55D-56FC-4817-B330-98539D754878}.Release|Any CPU.ActiveCfg = Release|Any CPU
		{3C37D55D-56FC-4817-B330-98539D754878}.Release|Any CPU.Build.0 = Release|Any CPU
		{96796E7C-A8AC-483B-90F6-8358B9A7997E}.Debug|Any CPU.ActiveCfg = Debug|Any CPU
		{96796E7C-A8AC-483B-90F6-8358B9A7997E}.Debug|Any CPU.Build.0 = Debug|Any CPU
		{96796E7C-A8AC-483B-90F6-8358B9A7997E}.Release|Any CPU.ActiveCfg = Release|Any CPU
		{96796E7C-A8AC-483B-90F6-8358B9A7997E}.Release|Any CPU.Build.0 = Release|Any CPU
	EndGlobalSection
	GlobalSection(SolutionProperties) = preSolution
		HideSolutionNode = FALSE
	EndGlobalSection
EndGlobal
