
Microsoft Visual Studio Solution File, Format Version 12.00
# Visual Studio 2013
VisualStudioVersion = 12.0.20617.1 PREVIEW
MinimumVisualStudioVersion = 10.0.40219.1
Project("{FAE04EC0-301F-11D3-BF4B-00C04F79EFBC}") = "Tapas.ContentApi", "Tapas.ContentApi\Tapas.ContentApi.csproj", "{3B86E052-D50C-461D-9576-D516F12A2CD9}"
EndProject
Project("{FAE04EC0-301F-11D3-BF4B-00C04F79EFBC}") = "Tapas.TapasClient", "Tapas.TapasClient\Tapas.TapasClient.csproj", "{77186FD8-6D34-4114-9E9F-8FF6B88FD1D6}"
EndProject
Global
	GlobalSection(SolutionConfigurationPlatforms) = preSolution
		Debug|Any CPU = Debug|Any CPU
		Release|Any CPU = Release|Any CPU
	EndGlobalSection
	GlobalSection(ProjectConfigurationPlatforms) = postSolution
		{3B86E052-D50C-461D-9576-D516F12A2CD9}.Debug|Any CPU.ActiveCfg = Debug|Any CPU
		{3B86E052-D50C-461D-9576-D516F12A2CD9}.Debug|Any CPU.Build.0 = Debug|Any CPU
		{3B86E052-D50C-461D-9576-D516F12A2CD9}.Release|Any CPU.ActiveCfg = Release|Any CPU
		{3B86E052-D50C-461D-9576-D516F12A2CD9}.Release|Any CPU.Build.0 = Release|Any CPU
		{77186FD8-6D34-4114-9E9F-8FF6B88FD1D6}.Debug|Any CPU.ActiveCfg = Debug|Any CPU
		{77186FD8-6D34-4114-9E9F-8FF6B88FD1D6}.Debug|Any CPU.Build.0 = Debug|Any CPU
		{77186FD8-6D34-4114-9E9F-8FF6B88FD1D6}.Release|Any CPU.ActiveCfg = Release|Any CPU
		{77186FD8-6D34-4114-9E9F-8FF6B88FD1D6}.Release|Any CPU.Build.0 = Release|Any CPU
	EndGlobalSection
	GlobalSection(SolutionProperties) = preSolution
		HideSolutionNode = FALSE
	EndGlobalSection
EndGlobal
